
Microsoft Visual Studio Solution File, Format Version 12.00
# Visual Studio 15
Project("{FAE04EC0-301F-11D3-BF4B-00C04F79EFBC}") = "BindingTest", "BindingTest\BindingTest.csproj", "{3F993E2E-4D1B-401D-A7B4-8D37262E2326}"
EndProject
Global
	GlobalSection(SolutionConfigurationPlatforms) = preSolution
		Debug|Any CPU = Debug|Any CPU
		Release|Any CPU = Release|Any CPU
	EndGlobalSection
	GlobalSection(ProjectConfigurationPlatforms) = postSolution
		{3F993E2E-4D1B-401D-A7B4-8D37262E2326}.Debug|Any CPU.ActiveCfg = Debug|Any CPU
		{3F993E2E-4D1B-401D-A7B4-8D37262E2326}.Debug|Any CPU.Build.0 = Debug|Any CPU
		{3F993E2E-4D1B-401D-A7B4-8D37262E2326}.Release|Any CPU.ActiveCfg = Release|Any CPU
		{3F993E2E-4D1B-401D-A7B4-8D37262E2326}.Release|Any CPU.Build.0 = Release|Any CPU
	EndGlobalSection
EndGlobal
